
Microsoft Visual Studio Solution File, Format Version 12.00
Project("{FAE04EC0-301F-11D3-BF4B-00C04F79EFBC}") = "P2CodeExe.", "P2CodeExe\P2CodeExe..csproj", "{2EAAE5EF-496C-4F47-97CD-564DCFAB285F}"
EndProject
Project("{FAE04EC0-301F-11D3-BF4B-00C04F79EFBC}") = "P3PrintingOutput", "P3PrintingOutput\P3PrintingOutput.csproj", "{ABD9EF1D-3887-426C-95A2-C5440F1839AD}"
EndProject
Project("{FAE04EC0-301F-11D3-BF4B-00C04F79EFBC}") = "P4Comments", "P4Comments\P4Comments.csproj", "{49A3283D-643B-4921-86B5-676C1E35A5FB}"
EndProject
Project("{FAE04EC0-301F-11D3-BF4B-00C04F79EFBC}") = "P5Variables", "P5Variables\P5Variables.csproj", "{7F6628A5-037B-4631-AD59-EC866EFD21EF}"
EndProject
Project("{FAE04EC0-301F-11D3-BF4B-00C04F79EFBC}") = "P6DataTypes", "P6DataTypes\P6DataTypes.csproj", "{583CA92D-BB88-48A6-BA83-350C023DB97B}"
EndProject
Project("{FAE04EC0-301F-11D3-BF4B-00C04F79EFBC}") = "P7Input", "P7Input\P7Input.csproj", "{BE83267C-1CE3-4D52-98D5-C1A9395AFC6A}"
EndProject
Project("{FAE04EC0-301F-11D3-BF4B-00C04F79EFBC}") = "P8Conversion", "P8Conversion\P8Conversion.csproj", "{06199652-C473-499D-95A1-38C2822389F9}"
EndProject
Project("{FAE04EC0-301F-11D3-BF4B-00C04F79EFBC}") = "P9Operators", "P9Operators\P9Operators.csproj", "{2EAD9FDC-C758-4413-9650-D5FD2E84CB5A}"
EndProject
Project("{FAE04EC0-301F-11D3-BF4B-00C04F79EFBC}") = "P10Boolean", "P10Boolean\P10Boolean.csproj", "{BE411162-B8CC-45A3-96C4-1E3C68E222F4}"
EndProject
Project("{FAE04EC0-301F-11D3-BF4B-00C04F79EFBC}") = "P11IfElse", "P11IfElse\P11IfElse.csproj", "{7F57B587-F5B9-48B8-8348-60F9AC89F9DE}"
EndProject
Project("{FAE04EC0-301F-11D3-BF4B-00C04F79EFBC}") = "P12Random", "P12Random\P12Random.csproj", "{72AC2D28-1A8F-4323-BE46-D738D1B0159B}"
EndProject
Project("{FAE04EC0-301F-11D3-BF4B-00C04F79EFBC}") = "P13GoTo", "P13GoTo\P13GoTo.csproj", "{4D604935-3796-4315-A0AC-C35B988C9C90}"
EndProject
Project("{FAE04EC0-301F-11D3-BF4B-00C04F79EFBC}") = "Nim", "Nim\Nim.csproj", "{9A7EEB35-1583-4BF8-AA8C-6B9B68E86E07}"
EndProject
Project("{FAE04EC0-301F-11D3-BF4B-00C04F79EFBC}") = "P13_1Dollars", "P13_1Dollars\P13_1Dollars.csproj", "{55780B7D-050E-4516-ACE4-ECD97B4E579D}"
EndProject
Global
	GlobalSection(SolutionConfigurationPlatforms) = preSolution
		Debug|Any CPU = Debug|Any CPU
		Release|Any CPU = Release|Any CPU
	EndGlobalSection
	GlobalSection(ProjectConfigurationPlatforms) = postSolution
		{2EAAE5EF-496C-4F47-97CD-564DCFAB285F}.Debug|Any CPU.ActiveCfg = Debug|Any CPU
		{2EAAE5EF-496C-4F47-97CD-564DCFAB285F}.Debug|Any CPU.Build.0 = Debug|Any CPU
		{2EAAE5EF-496C-4F47-97CD-564DCFAB285F}.Release|Any CPU.ActiveCfg = Release|Any CPU
		{2EAAE5EF-496C-4F47-97CD-564DCFAB285F}.Release|Any CPU.Build.0 = Release|Any CPU
		{ABD9EF1D-3887-426C-95A2-C5440F1839AD}.Debug|Any CPU.ActiveCfg = Debug|Any CPU
		{ABD9EF1D-3887-426C-95A2-C5440F1839AD}.Debug|Any CPU.Build.0 = Debug|Any CPU
		{ABD9EF1D-3887-426C-95A2-C5440F1839AD}.Release|Any CPU.ActiveCfg = Release|Any CPU
		{ABD9EF1D-3887-426C-95A2-C5440F1839AD}.Release|Any CPU.Build.0 = Release|Any CPU
		{49A3283D-643B-4921-86B5-676C1E35A5FB}.Debug|Any CPU.ActiveCfg = Debug|Any CPU
		{49A3283D-643B-4921-86B5-676C1E35A5FB}.Debug|Any CPU.Build.0 = Debug|Any CPU
		{49A3283D-643B-4921-86B5-676C1E35A5FB}.Release|Any CPU.ActiveCfg = Release|Any CPU
		{49A3283D-643B-4921-86B5-676C1E35A5FB}.Release|Any CPU.Build.0 = Release|Any CPU
		{7F6628A5-037B-4631-AD59-EC866EFD21EF}.Debug|Any CPU.ActiveCfg = Debug|Any CPU
		{7F6628A5-037B-4631-AD59-EC866EFD21EF}.Debug|Any CPU.Build.0 = Debug|Any CPU
		{7F6628A5-037B-4631-AD59-EC866EFD21EF}.Release|Any CPU.ActiveCfg = Release|Any CPU
		{7F6628A5-037B-4631-AD59-EC866EFD21EF}.Release|Any CPU.Build.0 = Release|Any CPU
		{583CA92D-BB88-48A6-BA83-350C023DB97B}.Debug|Any CPU.ActiveCfg = Debug|Any CPU
		{583CA92D-BB88-48A6-BA83-350C023DB97B}.Debug|Any CPU.Build.0 = Debug|Any CPU
		{583CA92D-BB88-48A6-BA83-350C023DB97B}.Release|Any CPU.ActiveCfg = Release|Any CPU
		{583CA92D-BB88-48A6-BA83-350C023DB97B}.Release|Any CPU.Build.0 = Release|Any CPU
		{BE83267C-1CE3-4D52-98D5-C1A9395AFC6A}.Debug|Any CPU.ActiveCfg = Debug|Any CPU
		{BE83267C-1CE3-4D52-98D5-C1A9395AFC6A}.Debug|Any CPU.Build.0 = Debug|Any CPU
		{BE83267C-1CE3-4D52-98D5-C1A9395AFC6A}.Release|Any CPU.ActiveCfg = Release|Any CPU
		{BE83267C-1CE3-4D52-98D5-C1A9395AFC6A}.Release|Any CPU.Build.0 = Release|Any CPU
		{06199652-C473-499D-95A1-38C2822389F9}.Debug|Any CPU.ActiveCfg = Debug|Any CPU
		{06199652-C473-499D-95A1-38C2822389F9}.Debug|Any CPU.Build.0 = Debug|Any CPU
		{06199652-C473-499D-95A1-38C2822389F9}.Release|Any CPU.ActiveCfg = Release|Any CPU
		{06199652-C473-499D-95A1-38C2822389F9}.Release|Any CPU.Build.0 = Release|Any CPU
		{2EAD9FDC-C758-4413-9650-D5FD2E84CB5A}.Debug|Any CPU.ActiveCfg = Debug|Any CPU
		{2EAD9FDC-C758-4413-9650-D5FD2E84CB5A}.Debug|Any CPU.Build.0 = Debug|Any CPU
		{2EAD9FDC-C758-4413-9650-D5FD2E84CB5A}.Release|Any CPU.ActiveCfg = Release|Any CPU
		{2EAD9FDC-C758-4413-9650-D5FD2E84CB5A}.Release|Any CPU.Build.0 = Release|Any CPU
		{BE411162-B8CC-45A3-96C4-1E3C68E222F4}.Debug|Any CPU.ActiveCfg = Debug|Any CPU
		{BE411162-B8CC-45A3-96C4-1E3C68E222F4}.Debug|Any CPU.Build.0 = Debug|Any CPU
		{BE411162-B8CC-45A3-96C4-1E3C68E222F4}.Release|Any CPU.ActiveCfg = Release|Any CPU
		{BE411162-B8CC-45A3-96C4-1E3C68E222F4}.Release|Any CPU.Build.0 = Release|Any CPU
		{7F57B587-F5B9-48B8-8348-60F9AC89F9DE}.Debug|Any CPU.ActiveCfg = Debug|Any CPU
		{7F57B587-F5B9-48B8-8348-60F9AC89F9DE}.Debug|Any CPU.Build.0 = Debug|Any CPU
		{7F57B587-F5B9-48B8-8348-60F9AC89F9DE}.Release|Any CPU.ActiveCfg = Release|Any CPU
		{7F57B587-F5B9-48B8-8348-60F9AC89F9DE}.Release|Any CPU.Build.0 = Release|Any CPU
		{72AC2D28-1A8F-4323-BE46-D738D1B0159B}.Debug|Any CPU.ActiveCfg = Debug|Any CPU
		{72AC2D28-1A8F-4323-BE46-D738D1B0159B}.Debug|Any CPU.Build.0 = Debug|Any CPU
		{72AC2D28-1A8F-4323-BE46-D738D1B0159B}.Release|Any CPU.ActiveCfg = Release|Any CPU
		{72AC2D28-1A8F-4323-BE46-D738D1B0159B}.Release|Any CPU.Build.0 = Release|Any CPU
		{4D604935-3796-4315-A0AC-C35B988C9C90}.Debug|Any CPU.ActiveCfg = Debug|Any CPU
		{4D604935-3796-4315-A0AC-C35B988C9C90}.Debug|Any CPU.Build.0 = Debug|Any CPU
		{4D604935-3796-4315-A0AC-C35B988C9C90}.Release|Any CPU.ActiveCfg = Release|Any CPU
		{4D604935-3796-4315-A0AC-C35B988C9C90}.Release|Any CPU.Build.0 = Release|Any CPU
		{9A7EEB35-1583-4BF8-AA8C-6B9B68E86E07}.Debug|Any CPU.ActiveCfg = Debug|Any CPU
		{9A7EEB35-1583-4BF8-AA8C-6B9B68E86E07}.Debug|Any CPU.Build.0 = Debug|Any CPU
		{9A7EEB35-1583-4BF8-AA8C-6B9B68E86E07}.Release|Any CPU.ActiveCfg = Release|Any CPU
		{9A7EEB35-1583-4BF8-AA8C-6B9B68E86E07}.Release|Any CPU.Build.0 = Release|Any CPU
		{55780B7D-050E-4516-ACE4-ECD97B4E579D}.Debug|Any CPU.ActiveCfg = Debug|Any CPU
		{55780B7D-050E-4516-ACE4-ECD97B4E579D}.Debug|Any CPU.Build.0 = Debug|Any CPU
		{55780B7D-050E-4516-ACE4-ECD97B4E579D}.Release|Any CPU.ActiveCfg = Release|Any CPU
		{55780B7D-050E-4516-ACE4-ECD97B4E579D}.Release|Any CPU.Build.0 = Release|Any CPU
	EndGlobalSection
EndGlobal
